
Microsoft Visual Studio Solution File, Format Version 12.00
# Visual Studio Version 16
VisualStudioVersion = 16.0.31424.327
MinimumVisualStudioVersion = 10.0.40219.1
Project("{FAE04EC0-301F-11D3-BF4B-00C04F79EFBC}") = "DAIS.Credits.Onboarding.WebAPI", "DAIS.Credits.Onboarding.WebAPI\DAIS.Credits.Onboarding.WebAPI.csproj", "{CEA0ED18-DFEC-4207-8DB6-883149D24BCA}"
EndProject
Project("{FAE04EC0-301F-11D3-BF4B-00C04F79EFBC}") = "DAIS.Credits.Onboarding.WebAPI.Definition", "DAIS.Credits.Onboarding.WebAPI.Definition\DAIS.Credits.Onboarding.WebAPI.Definition.csproj", "{19430CA1-7396-468D-86B0-582D9DE60D03}"
EndProject
Project("{FAE04EC0-301F-11D3-BF4B-00C04F79EFBC}") = "DAIS.Interop.POSCredits.Onboarding", "DAIS.Interop.POSCredits.Onboarding\DAIS.Interop.POSCredits.Onboarding.csproj", "{D9AD072E-045B-488B-974D-57AC82A24E8C}"
EndProject
Global
	GlobalSection(SolutionConfigurationPlatforms) = preSolution
		Debug|Any CPU = Debug|Any CPU
		Release|Any CPU = Release|Any CPU
	EndGlobalSection
	GlobalSection(ProjectConfigurationPlatforms) = postSolution
		{CEA0ED18-DFEC-4207-8DB6-883149D24BCA}.Debug|Any CPU.ActiveCfg = Debug|Any CPU
		{CEA0ED18-DFEC-4207-8DB6-883149D24BCA}.Debug|Any CPU.Build.0 = Debug|Any CPU
		{CEA0ED18-DFEC-4207-8DB6-883149D24BCA}.Release|Any CPU.ActiveCfg = Release|Any CPU
		{CEA0ED18-DFEC-4207-8DB6-883149D24BCA}.Release|Any CPU.Build.0 = Release|Any CPU
		{19430CA1-7396-468D-86B0-582D9DE60D03}.Debug|Any CPU.ActiveCfg = Debug|Any CPU
		{19430CA1-7396-468D-86B0-582D9DE60D03}.Debug|Any CPU.Build.0 = Debug|Any CPU
		{19430CA1-7396-468D-86B0-582D9DE60D03}.Release|Any CPU.ActiveCfg = Release|Any CPU
		{19430CA1-7396-468D-86B0-582D9DE60D03}.Release|Any CPU.Build.0 = Release|Any CPU
		{D9AD072E-045B-488B-974D-57AC82A24E8C}.Debug|Any CPU.ActiveCfg = Debug|Any CPU
		{D9AD072E-045B-488B-974D-57AC82A24E8C}.Debug|Any CPU.Build.0 = Debug|Any CPU
		{D9AD072E-045B-488B-974D-57AC82A24E8C}.Release|Any CPU.ActiveCfg = Release|Any CPU
		{D9AD072E-045B-488B-974D-57AC82A24E8C}.Release|Any CPU.Build.0 = Release|Any CPU
	EndGlobalSection
	GlobalSection(SolutionProperties) = preSolution
		HideSolutionNode = FALSE
	EndGlobalSection
	GlobalSection(ExtensibilityGlobals) = postSolution
		SolutionGuid = {60E8D276-BBB1-4DC6-B2CC-DDC5B4A596DD}
	EndGlobalSection
EndGlobal
